
Microsoft Visual Studio Solution File, Format Version 12.00
# Visual Studio 15
VisualStudioVersion = 15.0.28010.2026
MinimumVisualStudioVersion = 10.0.40219.1
Project("{8BC9CEB8-8B4A-11D0-8D11-00A0C91BC942}") = "SummationEx", "SummationEx\SummationEx.vcxproj", "{D12D9E5A-C94E-435A-AD84-438723F11BC5}"
EndProject
Global
	GlobalSection(SolutionConfigurationPlatforms) = preSolution
		Debug|x64 = Debug|x64
		Debug|x86 = Debug|x86
		Release|x64 = Release|x64
		Release|x86 = Release|x86
	EndGlobalSection
	GlobalSection(ProjectConfigurationPlatforms) = postSolution
		{D12D9E5A-C94E-435A-AD84-438723F11BC5}.Debug|x64.ActiveCfg = Debug|x64
		{D12D9E5A-C94E-435A-AD84-438723F11BC5}.Debug|x64.Build.0 = Debug|x64
		{D12D9E5A-C94E-435A-AD84-438723F11BC5}.Debug|x86.ActiveCfg = Debug|Win32
		{D12D9E5A-C94E-435A-AD84-438723F11BC5}.Debug|x86.Build.0 = Debug|Win32
		{D12D9E5A-C94E-435A-AD84-438723F11BC5}.Release|x64.ActiveCfg = Release|x64
		{D12D9E5A-C94E-435A-AD84-438723F11BC5}.Release|x64.Build.0 = Release|x64
		{D12D9E5A-C94E-435A-AD84-438723F11BC5}.Release|x86.ActiveCfg = Release|Win32
		{D12D9E5A-C94E-435A-AD84-438723F11BC5}.Release|x86.Build.0 = Release|Win32
	EndGlobalSection
	GlobalSection(SolutionProperties) = preSolution
		HideSolutionNode = FALSE
	EndGlobalSection
	GlobalSection(ExtensibilityGlobals) = postSolution
		SolutionGuid = {303B52F6-D9D1-40E9-9BD9-B43B022CF0EC}
	EndGlobalSection
EndGlobal
